
Microsoft Visual Studio Solution File, Format Version 12.00
# Visual Studio Version 16
VisualStudioVersion = 16.0.30204.135
MinimumVisualStudioVersion = 10.0.40219.1
Project("{FAE04EC0-301F-11D3-BF4B-00C04F79EFBC}") = "Lab7_4DatingGameOOPEncapAbstract", "Lab7_4DatingGameOOPEncapAbstract.csproj", "{D08A69C7-AA0F-44F9-9FD4-9E95CD26760F}"
EndProject
Global
	GlobalSection(SolutionConfigurationPlatforms) = preSolution
		Debug|Any CPU = Debug|Any CPU
		Release|Any CPU = Release|Any CPU
	EndGlobalSection
	GlobalSection(ProjectConfigurationPlatforms) = postSolution
		{D08A69C7-AA0F-44F9-9FD4-9E95CD26760F}.Debug|Any CPU.ActiveCfg = Debug|Any CPU
		{D08A69C7-AA0F-44F9-9FD4-9E95CD26760F}.Debug|Any CPU.Build.0 = Debug|Any CPU
		{D08A69C7-AA0F-44F9-9FD4-9E95CD26760F}.Release|Any CPU.ActiveCfg = Release|Any CPU
		{D08A69C7-AA0F-44F9-9FD4-9E95CD26760F}.Release|Any CPU.Build.0 = Release|Any CPU
	EndGlobalSection
	GlobalSection(SolutionProperties) = preSolution
		HideSolutionNode = FALSE
	EndGlobalSection
	GlobalSection(ExtensibilityGlobals) = postSolution
		SolutionGuid = {A3339B52-0510-49A8-91D6-71CD55943285}
	EndGlobalSection
EndGlobal
